
Microsoft Visual Studio Solution File, Format Version 12.00
# Visual Studio 15
VisualStudioVersion = 15.0.27428.1
MinimumVisualStudioVersion = 10.0.40219.1
Project("{FAE04EC0-301F-11D3-BF4B-00C04F79EFBC}") = "PassCrackerClient", "PassCrackerClient\PassCrackerClient.csproj", "{7BC51616-6005-4C56-8AFC-71D495B9926B}"
EndProject
Global
	GlobalSection(SolutionConfigurationPlatforms) = preSolution
		Debug|Any CPU = Debug|Any CPU
		Release|Any CPU = Release|Any CPU
	EndGlobalSection
	GlobalSection(ProjectConfigurationPlatforms) = postSolution
		{7BC51616-6005-4C56-8AFC-71D495B9926B}.Debug|Any CPU.ActiveCfg = Debug|Any CPU
		{7BC51616-6005-4C56-8AFC-71D495B9926B}.Debug|Any CPU.Build.0 = Debug|Any CPU
		{7BC51616-6005-4C56-8AFC-71D495B9926B}.Release|Any CPU.ActiveCfg = Release|Any CPU
		{7BC51616-6005-4C56-8AFC-71D495B9926B}.Release|Any CPU.Build.0 = Release|Any CPU
	EndGlobalSection
	GlobalSection(SolutionProperties) = preSolution
		HideSolutionNode = FALSE
	EndGlobalSection
	GlobalSection(ExtensibilityGlobals) = postSolution
		SolutionGuid = {1EED0474-D173-418C-9DC7-46790D8DEEBE}
	EndGlobalSection
EndGlobal
